
Microsoft Visual Studio Solution File, Format Version 12.00
# Visual Studio Version 16
VisualStudioVersion = 16.0.30104.148
MinimumVisualStudioVersion = 10.0.40219.1
Project("{FAE04EC0-301F-11D3-BF4B-00C04F79EFBC}") = "AutoRepeat", "AutoRepeat.csproj", "{07C89061-124E-4E7A-B05B-43F431B03C0A}"
EndProject
Global
	GlobalSection(SolutionConfigurationPlatforms) = preSolution
		Debug|Any CPU = Debug|Any CPU
		Release|Any CPU = Release|Any CPU
	EndGlobalSection
	GlobalSection(ProjectConfigurationPlatforms) = postSolution
		{07C89061-124E-4E7A-B05B-43F431B03C0A}.Debug|Any CPU.ActiveCfg = Debug|Any CPU
		{07C89061-124E-4E7A-B05B-43F431B03C0A}.Debug|Any CPU.Build.0 = Debug|Any CPU
		{07C89061-124E-4E7A-B05B-43F431B03C0A}.Release|Any CPU.ActiveCfg = Release|Any CPU
		{07C89061-124E-4E7A-B05B-43F431B03C0A}.Release|Any CPU.Build.0 = Release|Any CPU
	EndGlobalSection
	GlobalSection(SolutionProperties) = preSolution
		HideSolutionNode = FALSE
	EndGlobalSection
	GlobalSection(ExtensibilityGlobals) = postSolution
		SolutionGuid = {47894572-E0D3-46E7-9812-C2269AE257A8}
	EndGlobalSection
EndGlobal
